
Microsoft Visual Studio Solution File, Format Version 12.00
# Visual Studio Version 17
VisualStudioVersion = 17.13.35931.197 d17.13
MinimumVisualStudioVersion = 10.0.40219.1
Project("{FAE04EC0-301F-11D3-BF4B-00C04F79EFBC}") = "main", "main\main.csproj", "{364669FA-C8DF-4359-963A-6640EE500293}"
EndProject
Global
	GlobalSection(SolutionConfigurationPlatforms) = preSolution
		Debug|Any CPU = Debug|Any CPU
		Release|Any CPU = Release|Any CPU
	EndGlobalSection
	GlobalSection(ProjectConfigurationPlatforms) = postSolution
		{364669FA-C8DF-4359-963A-6640EE500293}.Debug|Any CPU.ActiveCfg = Debug|Any CPU
		{364669FA-C8DF-4359-963A-6640EE500293}.Debug|Any CPU.Build.0 = Debug|Any CPU
		{364669FA-C8DF-4359-963A-6640EE500293}.Release|Any CPU.ActiveCfg = Release|Any CPU
		{364669FA-C8DF-4359-963A-6640EE500293}.Release|Any CPU.Build.0 = Release|Any CPU
	EndGlobalSection
	GlobalSection(SolutionProperties) = preSolution
		HideSolutionNode = FALSE
	EndGlobalSection
	GlobalSection(ExtensibilityGlobals) = postSolution
		SolutionGuid = {D57D6690-9D0A-4DDB-83F1-9EF56982EEE3}
	EndGlobalSection
EndGlobal
